github.com/handsomejack-42/gomodtest1 v0.0.1 h1:c75HuFabnpvJlKhykLOKK+1W/iTeusePC1DD/EckCLE=
github.com/handsomejack-42/gomodtest1 v0.0.1/go.mod h1:FDOLqIAcKOdaVbUyvsqHxVUD42iEb3rcVSxhtjUPaX8=
github.com/handsomejack-42/gomodtest2 v0.0.1 h1:Xo+C/KoBHgO6MDbX58Z1+0qbjYOMQw/3oSMfY9VHaz0=
github.com/handsomejack-42/gomodtest2 v0.0.1/go.mod h1:z2IHh2LlBWS63pA+PUuQvnLXhky1j48vSsimMlzJYJQ=
