github.com/handsomejack-42/gomodtest1 v0.0.2 h1:geIftpfRa3ArWxI+EWW5X7Y/XPYuF/WD5mL7cKcAIy0=
github.com/handsomejack-42/gomodtest1 v0.0.2/go.mod h1:FDOLqIAcKOdaVbUyvsqHxVUD42iEb3rcVSxhtjUPaX8=
github.com/handsomejack-42/gomodtest2 v0.0.2 h1:AM+aBj7+4/Ibxq+o6q90qAPy+GoJ98ZI/SdsXqA7fiM=
github.com/handsomejack-42/gomodtest2 v0.0.2/go.mod h1:I4ohAe68Xes7cu8vSSmFCgWCQHwLIcV4mIofwGU71WU=
